
Microsoft Visual Studio Solution File, Format Version 12.00
Project("{FAE04EC0-301F-11D3-BF4B-00C04F79EFBC}") = "ProxyTransfer.Demo", "ProxyTransfer.Demo\ProxyTransfer.Demo.csproj", "{A46A0340-E982-49D5-9C2B-1E909802E350}"
EndProject
Project("{FAE04EC0-301F-11D3-BF4B-00C04F79EFBC}") = "ProxyTransfer.Tunnel", "ProxyTransfer.Tunnel\ProxyTransfer.Tunnel.csproj", "{72902872-C842-44EF-A37B-0C9E03CBD36C}"
EndProject
Project("{FAE04EC0-301F-11D3-BF4B-00C04F79EFBC}") = "ProxyTransfer.Api", "ProxyTransfer.Api\ProxyTransfer.Api.csproj", "{703E6125-A620-4259-84E7-AEF03745A32D}"
EndProject
Global
	GlobalSection(SolutionConfigurationPlatforms) = preSolution
		Debug|Any CPU = Debug|Any CPU
		Debug|x64 = Debug|x64
		Debug|x86 = Debug|x86
		Release|Any CPU = Release|Any CPU
		Release|x64 = Release|x64
		Release|x86 = Release|x86
	EndGlobalSection
	GlobalSection(ProjectConfigurationPlatforms) = postSolution
		{A46A0340-E982-49D5-9C2B-1E909802E350}.Debug|Any CPU.ActiveCfg = Debug|Any CPU
		{A46A0340-E982-49D5-9C2B-1E909802E350}.Debug|Any CPU.Build.0 = Debug|Any CPU
		{A46A0340-E982-49D5-9C2B-1E909802E350}.Debug|x64.ActiveCfg = Debug|Any CPU
		{A46A0340-E982-49D5-9C2B-1E909802E350}.Debug|x64.Build.0 = Debug|Any CPU
		{A46A0340-E982-49D5-9C2B-1E909802E350}.Debug|x86.ActiveCfg = Debug|Any CPU
		{A46A0340-E982-49D5-9C2B-1E909802E350}.Debug|x86.Build.0 = Debug|Any CPU
		{A46A0340-E982-49D5-9C2B-1E909802E350}.Release|Any CPU.ActiveCfg = Release|Any CPU
		{A46A0340-E982-49D5-9C2B-1E909802E350}.Release|Any CPU.Build.0 = Release|Any CPU
		{A46A0340-E982-49D5-9C2B-1E909802E350}.Release|x64.ActiveCfg = Release|Any CPU
		{A46A0340-E982-49D5-9C2B-1E909802E350}.Release|x64.Build.0 = Release|Any CPU
		{A46A0340-E982-49D5-9C2B-1E909802E350}.Release|x86.ActiveCfg = Release|Any CPU
		{A46A0340-E982-49D5-9C2B-1E909802E350}.Release|x86.Build.0 = Release|Any CPU
		{72902872-C842-44EF-A37B-0C9E03CBD36C}.Debug|Any CPU.ActiveCfg = Debug|Any CPU
		{72902872-C842-44EF-A37B-0C9E03CBD36C}.Debug|Any CPU.Build.0 = Debug|Any CPU
		{72902872-C842-44EF-A37B-0C9E03CBD36C}.Debug|x64.ActiveCfg = Debug|Any CPU
		{72902872-C842-44EF-A37B-0C9E03CBD36C}.Debug|x64.Build.0 = Debug|Any CPU
		{72902872-C842-44EF-A37B-0C9E03CBD36C}.Debug|x86.ActiveCfg = Debug|Any CPU
		{72902872-C842-44EF-A37B-0C9E03CBD36C}.Debug|x86.Build.0 = Debug|Any CPU
		{72902872-C842-44EF-A37B-0C9E03CBD36C}.Release|Any CPU.ActiveCfg = Release|Any CPU
		{72902872-C842-44EF-A37B-0C9E03CBD36C}.Release|Any CPU.Build.0 = Release|Any CPU
		{72902872-C842-44EF-A37B-0C9E03CBD36C}.Release|x64.ActiveCfg = Release|Any CPU
		{72902872-C842-44EF-A37B-0C9E03CBD36C}.Release|x64.Build.0 = Release|Any CPU
		{72902872-C842-44EF-A37B-0C9E03CBD36C}.Release|x86.ActiveCfg = Release|Any CPU
		{72902872-C842-44EF-A37B-0C9E03CBD36C}.Release|x86.Build.0 = Release|Any CPU
		{703E6125-A620-4259-84E7-AEF03745A32D}.Debug|Any CPU.ActiveCfg = Debug|Any CPU
		{703E6125-A620-4259-84E7-AEF03745A32D}.Debug|Any CPU.Build.0 = Debug|Any CPU
		{703E6125-A620-4259-84E7-AEF03745A32D}.Debug|x64.ActiveCfg = Debug|Any CPU
		{703E6125-A620-4259-84E7-AEF03745A32D}.Debug|x64.Build.0 = Debug|Any CPU
		{703E6125-A620-4259-84E7-AEF03745A32D}.Debug|x86.ActiveCfg = Debug|Any CPU
		{703E6125-A620-4259-84E7-AEF03745A32D}.Debug|x86.Build.0 = Debug|Any CPU
		{703E6125-A620-4259-84E7-AEF03745A32D}.Release|Any CPU.ActiveCfg = Release|Any CPU
		{703E6125-A620-4259-84E7-AEF03745A32D}.Release|Any CPU.Build.0 = Release|Any CPU
		{703E6125-A620-4259-84E7-AEF03745A32D}.Release|x64.ActiveCfg = Release|Any CPU
		{703E6125-A620-4259-84E7-AEF03745A32D}.Release|x64.Build.0 = Release|Any CPU
		{703E6125-A620-4259-84E7-AEF03745A32D}.Release|x86.ActiveCfg = Release|Any CPU
		{703E6125-A620-4259-84E7-AEF03745A32D}.Release|x86.Build.0 = Release|Any CPU
	EndGlobalSection
	GlobalSection(SolutionProperties) = preSolution
		HideSolutionNode = FALSE
	EndGlobalSection
EndGlobal
